
Microsoft Visual Studio Solution File, Format Version 12.00
# Visual Studio 15
VisualStudioVersion = 15.0.26124.0
MinimumVisualStudioVersion = 15.0.26124.0
Project("{2150E333-8FDC-42A3-9474-1A3956D46DE8}") = "src", "src", "{6688F8CE-78C5-40F3-B282-F48E36A41A48}"
EndProject
Project("{FAE04EC0-301F-11D3-BF4B-00C04F79EFBC}") = "hello-ewallet", "src\hello-ewallet\hello-ewallet.csproj", "{C16B7AC8-BFE6-4DE1-832F-7AF178856DB2}"
EndProject
Project("{FAE04EC0-301F-11D3-BF4B-00C04F79EFBC}") = "hello", "src\hello\hello.csproj", "{16E4CF8F-BEB3-4A76-9F2D-FB73E091FE2D}"
EndProject
Project("{2150E333-8FDC-42A3-9474-1A3956D46DE8}") = "test", "test", "{C9C2B0AF-9750-4A0A-A9BA-53C7E66770AA}"
EndProject
Project("{FAE04EC0-301F-11D3-BF4B-00C04F79EFBC}") = "hello-test", "test\hello-test\hello-test.csproj", "{B031AD79-756F-4602-8905-E0330371C529}"
EndProject
Global
	GlobalSection(SolutionConfigurationPlatforms) = preSolution
		Debug|Any CPU = Debug|Any CPU
		Debug|x64 = Debug|x64
		Debug|x86 = Debug|x86
		Release|Any CPU = Release|Any CPU
		Release|x64 = Release|x64
		Release|x86 = Release|x86
	EndGlobalSection
	GlobalSection(SolutionProperties) = preSolution
		HideSolutionNode = FALSE
	EndGlobalSection
	GlobalSection(ProjectConfigurationPlatforms) = postSolution
		{C16B7AC8-BFE6-4DE1-832F-7AF178856DB2}.Debug|Any CPU.ActiveCfg = Debug|Any CPU
		{C16B7AC8-BFE6-4DE1-832F-7AF178856DB2}.Debug|Any CPU.Build.0 = Debug|Any CPU
		{C16B7AC8-BFE6-4DE1-832F-7AF178856DB2}.Debug|x64.ActiveCfg = Debug|x64
		{C16B7AC8-BFE6-4DE1-832F-7AF178856DB2}.Debug|x64.Build.0 = Debug|x64
		{C16B7AC8-BFE6-4DE1-832F-7AF178856DB2}.Debug|x86.ActiveCfg = Debug|x86
		{C16B7AC8-BFE6-4DE1-832F-7AF178856DB2}.Debug|x86.Build.0 = Debug|x86
		{C16B7AC8-BFE6-4DE1-832F-7AF178856DB2}.Release|Any CPU.ActiveCfg = Release|Any CPU
		{C16B7AC8-BFE6-4DE1-832F-7AF178856DB2}.Release|Any CPU.Build.0 = Release|Any CPU
		{C16B7AC8-BFE6-4DE1-832F-7AF178856DB2}.Release|x64.ActiveCfg = Release|x64
		{C16B7AC8-BFE6-4DE1-832F-7AF178856DB2}.Release|x64.Build.0 = Release|x64
		{C16B7AC8-BFE6-4DE1-832F-7AF178856DB2}.Release|x86.ActiveCfg = Release|x86
		{C16B7AC8-BFE6-4DE1-832F-7AF178856DB2}.Release|x86.Build.0 = Release|x86
		{16E4CF8F-BEB3-4A76-9F2D-FB73E091FE2D}.Debug|Any CPU.ActiveCfg = Debug|Any CPU
		{16E4CF8F-BEB3-4A76-9F2D-FB73E091FE2D}.Debug|Any CPU.Build.0 = Debug|Any CPU
		{16E4CF8F-BEB3-4A76-9F2D-FB73E091FE2D}.Debug|x64.ActiveCfg = Debug|x64
		{16E4CF8F-BEB3-4A76-9F2D-FB73E091FE2D}.Debug|x64.Build.0 = Debug|x64
		{16E4CF8F-BEB3-4A76-9F2D-FB73E091FE2D}.Debug|x86.ActiveCfg = Debug|x86
		{16E4CF8F-BEB3-4A76-9F2D-FB73E091FE2D}.Debug|x86.Build.0 = Debug|x86
		{16E4CF8F-BEB3-4A76-9F2D-FB73E091FE2D}.Release|Any CPU.ActiveCfg = Release|Any CPU
		{16E4CF8F-BEB3-4A76-9F2D-FB73E091FE2D}.Release|Any CPU.Build.0 = Release|Any CPU
		{16E4CF8F-BEB3-4A76-9F2D-FB73E091FE2D}.Release|x64.ActiveCfg = Release|x64
		{16E4CF8F-BEB3-4A76-9F2D-FB73E091FE2D}.Release|x64.Build.0 = Release|x64
		{16E4CF8F-BEB3-4A76-9F2D-FB73E091FE2D}.Release|x86.ActiveCfg = Release|x86
		{16E4CF8F-BEB3-4A76-9F2D-FB73E091FE2D}.Release|x86.Build.0 = Release|x86
		{B031AD79-756F-4602-8905-E0330371C529}.Debug|Any CPU.ActiveCfg = Debug|Any CPU
		{B031AD79-756F-4602-8905-E0330371C529}.Debug|Any CPU.Build.0 = Debug|Any CPU
		{B031AD79-756F-4602-8905-E0330371C529}.Debug|x64.ActiveCfg = Debug|x64
		{B031AD79-756F-4602-8905-E0330371C529}.Debug|x64.Build.0 = Debug|x64
		{B031AD79-756F-4602-8905-E0330371C529}.Debug|x86.ActiveCfg = Debug|x86
		{B031AD79-756F-4602-8905-E0330371C529}.Debug|x86.Build.0 = Debug|x86
		{B031AD79-756F-4602-8905-E0330371C529}.Release|Any CPU.ActiveCfg = Release|Any CPU
		{B031AD79-756F-4602-8905-E0330371C529}.Release|Any CPU.Build.0 = Release|Any CPU
		{B031AD79-756F-4602-8905-E0330371C529}.Release|x64.ActiveCfg = Release|x64
		{B031AD79-756F-4602-8905-E0330371C529}.Release|x64.Build.0 = Release|x64
		{B031AD79-756F-4602-8905-E0330371C529}.Release|x86.ActiveCfg = Release|x86
		{B031AD79-756F-4602-8905-E0330371C529}.Release|x86.Build.0 = Release|x86
	EndGlobalSection
	GlobalSection(NestedProjects) = preSolution
		{C16B7AC8-BFE6-4DE1-832F-7AF178856DB2} = {6688F8CE-78C5-40F3-B282-F48E36A41A48}
		{16E4CF8F-BEB3-4A76-9F2D-FB73E091FE2D} = {6688F8CE-78C5-40F3-B282-F48E36A41A48}
		{B031AD79-756F-4602-8905-E0330371C529} = {C9C2B0AF-9750-4A0A-A9BA-53C7E66770AA}
	EndGlobalSection
EndGlobal
